
Microsoft Visual Studio Solution File, Format Version 12.00
# Visual Studio Version 17
VisualStudioVersion = 17.3.32901.215
MinimumVisualStudioVersion = 10.0.40219.1
Project("{FAE04EC0-301F-11D3-BF4B-00C04F79EFBC}") = "SSR", "SSR\SSR.csproj", "{6A8BBC9E-7DA2-47A5-988D-A4C9C7A3FEAF}"
EndProject
Global
	GlobalSection(SolutionConfigurationPlatforms) = preSolution
		Debug|Any CPU = Debug|Any CPU
		Release|Any CPU = Release|Any CPU
	EndGlobalSection
	GlobalSection(ProjectConfigurationPlatforms) = postSolution
		{6A8BBC9E-7DA2-47A5-988D-A4C9C7A3FEAF}.Debug|Any CPU.ActiveCfg = Debug|Any CPU
		{6A8BBC9E-7DA2-47A5-988D-A4C9C7A3FEAF}.Debug|Any CPU.Build.0 = Debug|Any CPU
		{6A8BBC9E-7DA2-47A5-988D-A4C9C7A3FEAF}.Release|Any CPU.ActiveCfg = Release|Any CPU
		{6A8BBC9E-7DA2-47A5-988D-A4C9C7A3FEAF}.Release|Any CPU.Build.0 = Release|Any CPU
	EndGlobalSection
	GlobalSection(SolutionProperties) = preSolution
		HideSolutionNode = FALSE
	EndGlobalSection
	GlobalSection(ExtensibilityGlobals) = postSolution
		SolutionGuid = {8AA863BF-2820-407E-9A06-1678C46EF72E}
	EndGlobalSection
EndGlobal
